
Microsoft Visual Studio Solution File, Format Version 12.00
# Visual Studio Version 17
VisualStudioVersion = 17.5.33627.172
MinimumVisualStudioVersion = 10.0.40219.1
Project("{FAE04EC0-301F-11D3-BF4B-00C04F79EFBC}") = "OF DRM Video Downloader", "OF DRM Video Downloader\OF DRM Video Downloader.csproj", "{CABFBEAB-4437-4978-9D3E-196C36F8431D}"
EndProject
Global
	GlobalSection(SolutionConfigurationPlatforms) = preSolution
		Debug|Any CPU = Debug|Any CPU
		Release|Any CPU = Release|Any CPU
	EndGlobalSection
	GlobalSection(ProjectConfigurationPlatforms) = postSolution
		{CABFBEAB-4437-4978-9D3E-196C36F8431D}.Debug|Any CPU.ActiveCfg = Debug|Any CPU
		{CABFBEAB-4437-4978-9D3E-196C36F8431D}.Debug|Any CPU.Build.0 = Debug|Any CPU
		{CABFBEAB-4437-4978-9D3E-196C36F8431D}.Release|Any CPU.ActiveCfg = Release|Any CPU
		{CABFBEAB-4437-4978-9D3E-196C36F8431D}.Release|Any CPU.Build.0 = Release|Any CPU
	EndGlobalSection
	GlobalSection(SolutionProperties) = preSolution
		HideSolutionNode = FALSE
	EndGlobalSection
	GlobalSection(ExtensibilityGlobals) = postSolution
		SolutionGuid = {C74FA8FA-4800-459F-B90F-251E08759E3F}
	EndGlobalSection
EndGlobal
